{
  "nodes": {
    "nixpkgs": {
      "locked": {
        "lastModified": 1725036679,
        "narHash": "sha256-Ri79ZOEcZJFLr6+LgS3A0WYyroL/PqEuO+lI7u+G2tE=",
        "owner": "NixOS",
        "repo": "nixpkgs",
        "rev": "dac9db29e0e7ff2071ccc47b720aaffc3e74b504",
        "type": "github"
      },
      "original": {
        "owner": "NixOS",
        "ref": "nixpkgs-unstable",
        "repo": "nixpkgs",
        "type": "github"
      }
    },
    "root": {
      "inputs": {
        "nixpkgs": "nixpkgs"
      }
    }
  },
  "root": "root",
  "version": 7
}
